
Microsoft Visual Studio Solution File, Format Version 12.00
# Visual Studio Version 16
VisualStudioVersion = 16.0.30225.117
MinimumVisualStudioVersion = 10.0.40219.1
Project("{FAE04EC0-301F-11D3-BF4B-00C04F79EFBC}") = "ToDoService", "ToDoService\ToDoService.csproj", "{FCE33C2F-E3D1-4345-9633-DE842FBBDBAF}"
EndProject
Global
	GlobalSection(SolutionConfigurationPlatforms) = preSolution
		Debug|Any CPU = Debug|Any CPU
		Release|Any CPU = Release|Any CPU
	EndGlobalSection
	GlobalSection(ProjectConfigurationPlatforms) = postSolution
		{FCE33C2F-E3D1-4345-9633-DE842FBBDBAF}.Debug|Any CPU.ActiveCfg = Debug|Any CPU
		{FCE33C2F-E3D1-4345-9633-DE842FBBDBAF}.Debug|Any CPU.Build.0 = Debug|Any CPU
		{FCE33C2F-E3D1-4345-9633-DE842FBBDBAF}.Release|Any CPU.ActiveCfg = Release|Any CPU
		{FCE33C2F-E3D1-4345-9633-DE842FBBDBAF}.Release|Any CPU.Build.0 = Release|Any CPU
	EndGlobalSection
	GlobalSection(SolutionProperties) = preSolution
		HideSolutionNode = FALSE
	EndGlobalSection
	GlobalSection(ExtensibilityGlobals) = postSolution
		SolutionGuid = {90F91563-6F7C-4275-BA55-F59FDA2F135D}
	EndGlobalSection
EndGlobal
